<?xml version="1.0" encoding="utf-8"?>
<Project ToolsVersion="4.0" xmlns="http://schemas.microsoft.com/developer/msbuild/2003">
  <ItemGroup>
    <Filter Include="BVE">
      <UniqueIdentifier>{02D7870B-6EE0-877C-F75B-9E7C6364937C}</UniqueIdentifier>
    </Filter>
    <Filter Include="BVE\Events">
      <UniqueIdentifier>{A64C69DB-9204-AB28-FB0B-8484E7E24519}</UniqueIdentifier>
    </Filter>
    <Filter Include="Platform">
      <UniqueIdentifier>{2AC788B4-1694-E3BF-3FAD-D1672BD9184E}</UniqueIdentifier>
    </Filter>
    <Filter Include="Platform\Windows">
      <UniqueIdentifier>{64FBD71A-50F4-F66C-7926-DCF1657ED678}</UniqueIdentifier>
    </Filter>
  </ItemGroup>
  <ItemGroup>
    <ClInclude Include="src\BVE.h" />
    <ClInclude Include="src\BVE\Application.h">
      <Filter>BVE</Filter>
    </ClInclude>
    <ClInclude Include="src\BVE\Core.h">
      <Filter>BVE</Filter>
    </ClInclude>
    <ClInclude Include="src\BVE\EntryPoint.h">
      <Filter>BVE</Filter>
    </ClInclude>
    <ClInclude Include="src\BVE\Events\ApplicationEvent.h">
      <Filter>BVE\Events</Filter>
    </ClInclude>
    <ClInclude Include="src\BVE\Events\Event.h">
      <Filter>BVE\Events</Filter>
    </ClInclude>
    <ClInclude Include="src\BVE\Events\KeyEvent.h">
      <Filter>BVE\Events</Filter>
    </ClInclude>
    <ClInclude Include="src\BVE\Events\MouseEvent.h">
      <Filter>BVE\Events</Filter>
    </ClInclude>
    <ClInclude Include="src\BVE\Log.h">
      <Filter>BVE</Filter>
    </ClInclude>
    <ClInclude Include="src\BVE\Window.h">
      <Filter>BVE</Filter>
    </ClInclude>
    <ClInclude Include="src\Platform\Windows\WindowsWindow.h">
      <Filter>Platform\Windows</Filter>
    </ClInclude>
    <ClInclude Include="src\bvepch.h" />
  </ItemGroup>
  <ItemGroup>
    <ClCompile Include="src\BVE\Application.cpp">
      <Filter>BVE</Filter>
    </ClCompile>
    <ClCompile Include="src\BVE\Log.cpp">
      <Filter>BVE</Filter>
    </ClCompile>
    <ClCompile Include="src\Platform\Windows\WindowsWindow.cpp">
      <Filter>Platform\Windows</Filter>
    </ClCompile>
    <ClCompile Include="src\bvepch.cpp" />
  </ItemGroup>
</Project>