<?xml version="1.0" encoding="utf-8"?>
<Project ToolsVersion="4.0" xmlns="http://schemas.microsoft.com/developer/msbuild/2003">
  <ItemGroup>
    <Filter Include="BVE">
      <UniqueIdentifier>{02D7870B-6EE0-877C-F75B-9E7C6364937C}</UniqueIdentifier>
    </Filter>
    <Filter Include="BVE\Events">
      <UniqueIdentifier>{A64C69DB-9204-AB28-FB0B-8484E7E24519}</UniqueIdentifier>
    </Filter>
  </ItemGroup>
  <ItemGroup>
    <ClInclude Include="src\BVE.h" />
    <ClInclude Include="src\BVE\Application.h">
      <Filter>BVE</Filter>
    </ClInclude>
    <ClInclude Include="src\BVE\Core.h">
      <Filter>BVE</Filter>
    </ClInclude>
    <ClInclude Include="src\BVE\EntryPoint.h">
      <Filter>BVE</Filter>
    </ClInclude>
    <ClInclude Include="src\BVE\Events\Event.h">
      <Filter>BVE\Events</Filter>
    </ClInclude>
    <ClInclude Include="src\BVE\Log.h">
      <Filter>BVE</Filter>
    </ClInclude>
    <ClInclude Include="src\BVE\Events\KeyEvent.h" />
    <ClInclude Include="src\BVE\Events\MouseEvent.h" />
    <ClInclude Include="src\BVE\Events\ApplicationEvent.h" />
  </ItemGroup>
  <ItemGroup>
    <ClCompile Include="src\BVE\Application.cpp">
      <Filter>BVE</Filter>
    </ClCompile>
    <ClCompile Include="src\BVE\Log.cpp">
      <Filter>BVE</Filter>
    </ClCompile>
  </ItemGroup>
</Project>